// !$*UTF8*$!
{
	archiveVersion = 1;
	classes = {
	};
	objectVersion = 46;
	objects = {

/* Begin PBXBuildFile section */
		1060A7587E9C691B2121A04A /* libPods-SQToolsGatherTests.a in Frameworks */ = {isa = PBXBuildFile; fileRef = 461C629FC16BBCC562A16F5E /* libPods-SQToolsGatherTests.a */; };
		5A2E1E9181555DD07D3D8248 /* libPods-SQToolsGatherUITests.a in Frameworks */ = {isa = PBXBuildFile; fileRef = 9476BD3C5BF3D86610FC38EC /* libPods-SQToolsGatherUITests.a */; };
		B65C10F49FFE8DAD16EB952C /* libPods-SQToolsGather.a in Frameworks */ = {isa = PBXBuildFile; fileRef = D549B4E18DDDF55D9AB14A2A /* libPods-SQToolsGather.a */; };
		FC5A918E1EDE60E2009D80F8 /* GLSelectedAssetsModel.m in Sources */ = {isa = PBXBuildFile; fileRef = FC5A91871EDE60E2009D80F8 /* GLSelectedAssetsModel.m */; };
		FC5A918F1EDE60E2009D80F8 /* LxGridViewFlowLayout.m in Sources */ = {isa = PBXBuildFile; fileRef = FC5A91891EDE60E2009D80F8 /* LxGridViewFlowLayout.m */; };
		FC5A91901EDE60E2009D80F8 /* SQImagePickerViewController.m in Sources */ = {isa = PBXBuildFile; fileRef = FC5A918B1EDE60E2009D80F8 /* SQImagePickerViewController.m */; };
		FC5A91911EDE60E2009D80F8 /* TZTestCell.m in Sources */ = {isa = PBXBuildFile; fileRef = FC5A918D1EDE60E2009D80F8 /* TZTestCell.m */; };
		FC5A91A61EDE610C009D80F8 /* IDMCaptionView.m in Sources */ = {isa = PBXBuildFile; fileRef = FC5A91951EDE610C009D80F8 /* IDMCaptionView.m */; };
		FC5A91A71EDE610C009D80F8 /* IDMPBLocalizations.bundle in Resources */ = {isa = PBXBuildFile; fileRef = FC5A91971EDE610C009D80F8 /* IDMPBLocalizations.bundle */; };
		FC5A91A81EDE610C009D80F8 /* IDMPhoto.m in Sources */ = {isa = PBXBuildFile; fileRef = FC5A91991EDE610C009D80F8 /* IDMPhoto.m */; };
		FC5A91A91EDE610C009D80F8 /* IDMPhotoBrowser.bundle in Resources */ = {isa = PBXBuildFile; fileRef = FC5A919A1EDE610C009D80F8 /* IDMPhotoBrowser.bundle */; };
		FC5A91AA1EDE610C009D80F8 /* IDMPhotoBrowser.m in Sources */ = {isa = PBXBuildFile; fileRef = FC5A919C1EDE610C009D80F8 /* IDMPhotoBrowser.m */; };
		FC5A91AB1EDE610C009D80F8 /* IDMTapDetectingImageView.m in Sources */ = {isa = PBXBuildFile; fileRef = FC5A919F1EDE610C009D80F8 /* IDMTapDetectingImageView.m */; };
		FC5A91AC1EDE610C009D80F8 /* IDMTapDetectingView.m in Sources */ = {isa = PBXBuildFile; fileRef = FC5A91A11EDE610C009D80F8 /* IDMTapDetectingView.m */; };
		FC5A91AD1EDE610C009D80F8 /* IDMZoomingScrollView.m in Sources */ = {isa = PBXBuildFile; fileRef = FC5A91A31EDE610C009D80F8 /* IDMZoomingScrollView.m */; };
		FC5A91AE1EDE610C009D80F8 /* LICENSE.txt in Resources */ = {isa = PBXBuildFile; fileRef = FC5A91A41EDE610C009D80F8 /* LICENSE.txt */; };
		FC5A91AF1EDE610C009D80F8 /* README.markdown in Sources */ = {isa = PBXBuildFile; fileRef = FC5A91A51EDE610C009D80F8 /* README.markdown */; };
		FC5A91B21EDE6979009D80F8 /* Reachability.m in Sources */ = {isa = PBXBuildFile; fileRef = FC5A91B11EDE6979009D80F8 /* Reachability.m */; };
		FC83FF3F1ED8389100751169 /* PagingCollectionViewLayout.m in Sources */ = {isa = PBXBuildFile; fileRef = FC83FF3B1ED8389100751169 /* PagingCollectionViewLayout.m */; };
		FC83FF401ED8389100751169 /* UIView+FrameExtension.m in Sources */ = {isa = PBXBuildFile; fileRef = FC83FF3E1ED8389100751169 /* UIView+FrameExtension.m */; };
		FCABEDF61ED56C6300755BFC /* main.m in Sources */ = {isa = PBXBuildFile; fileRef = FCABEDF51ED56C6300755BFC /* main.m */; };
		FCABEE011ED56C6300755BFC /* Assets.xcassets in Resources */ = {isa = PBXBuildFile; fileRef = FCABEE001ED56C6300755BFC /* Assets.xcassets */; };
		FCABEE0F1ED56C6300755BFC /* SQToolsGatherTests.m in Sources */ = {isa = PBXBuildFile; fileRef = FCABEE0E1ED56C6300755BFC /* SQToolsGatherTests.m */; };
		FCABEE1A1ED56C6300755BFC /* SQToolsGatherUITests.m in Sources */ = {isa = PBXBuildFile; fileRef = FCABEE191ED56C6300755BFC /* SQToolsGatherUITests.m */; };
		FCABEE281ED56CC500755BFC /* LaunchScreen.storyboard in Resources */ = {isa = PBXBuildFile; fileRef = FCABEE271ED56CC500755BFC /* LaunchScreen.storyboard */; };
		FCABEE371ED56CF300755BFC /* AppDelegate.m in Sources */ = {isa = PBXBuildFile; fileRef = FCABEE2A1ED56CF300755BFC /* AppDelegate.m */; };
		FCABEE381ED56CF300755BFC /* SQBaseNavgationController.m in Sources */ = {isa = PBXBuildFile; fileRef = FCABEE2C1ED56CF300755BFC /* SQBaseNavgationController.m */; };
		FCABEE391ED56CF300755BFC /* SQBaseViewController.m in Sources */ = {isa = PBXBuildFile; fileRef = FCABEE2E1ED56CF300755BFC /* SQBaseViewController.m */; };
		FCABEE3B1ED56CF300755BFC /* SQMainViewController.m in Sources */ = {isa = PBXBuildFile; fileRef = FCABEE321ED56CF300755BFC /* SQMainViewController.m */; };
		FCABEE3C1ED56CF300755BFC /* SQMeViewController.m in Sources */ = {isa = PBXBuildFile; fileRef = FCABEE341ED56CF300755BFC /* SQMeViewController.m */; };
		FCABEE3D1ED56CF300755BFC /* SQTabBarController.m in Sources */ = {isa = PBXBuildFile; fileRef = FCABEE361ED56CF300755BFC /* SQTabBarController.m */; };
		FCABEE411ED56D1E00755BFC /* Utils.m in Sources */ = {isa = PBXBuildFile; fileRef = FCABEE401ED56D1E00755BFC /* Utils.m */; };
		FCABEE481ED5873900755BFC /* SQDrawViewTools.m in Sources */ = {isa = PBXBuildFile; fileRef = FCABEE471ED5873900755BFC /* SQDrawViewTools.m */; };
		FCABEE7C1ED67D1400755BFC /* TFHpple.m in Sources */ = {isa = PBXBuildFile; fileRef = FCABEE5B1ED67D1400755BFC /* TFHpple.m */; };
		FCABEE7D1ED67D1400755BFC /* TFHppleElement.m in Sources */ = {isa = PBXBuildFile; fileRef = FCABEE5D1ED67D1400755BFC /* TFHppleElement.m */; };
		FCABEE7E1ED67D1400755BFC /* XPathQuery.m in Sources */ = {isa = PBXBuildFile; fileRef = FCABEE5F1ED67D1400755BFC /* XPathQuery.m */; };
		FCABEE7F1ED67D1400755BFC /* EmojiObject.m in Sources */ = {isa = PBXBuildFile; fileRef = FCABEE611ED67D1400755BFC /* EmojiObject.m */; };
		FCABEE801ED67D1400755BFC /* EmotionNodeObject.m in Sources */ = {isa = PBXBuildFile; fileRef = FCABEE631ED67D1400755BFC /* EmotionNodeObject.m */; };
		FCABEE811ED67D1400755BFC /* GLCommentCellBtn.m in Sources */ = {isa = PBXBuildFile; fileRef = FCABEE651ED67D1400755BFC /* GLCommentCellBtn.m */; };
		FCABEE821ED67D1400755BFC /* NodeAtObject.m in Sources */ = {isa = PBXBuildFile; fileRef = FCABEE671ED67D1400755BFC /* NodeAtObject.m */; };
		FCABEE831ED67D1400755BFC /* NodeAttributeObject.m in Sources */ = {isa = PBXBuildFile; fileRef = FCABEE691ED67D1400755BFC /* NodeAttributeObject.m */; };
		FCABEE841ED67D1400755BFC /* NodeImageObject.m in Sources */ = {isa = PBXBuildFile; fileRef = FCABEE6B1ED67D1400755BFC /* NodeImageObject.m */; };
		FCABEE851ED67D1400755BFC /* UITextField+YZEmotion.m in Sources */ = {isa = PBXBuildFile; fileRef = FCABEE6D1ED67D1400755BFC /* UITextField+YZEmotion.m */; };
		FCABEE861ED67D1400755BFC /* UITextView+YZEmotion.m in Sources */ = {isa = PBXBuildFile; fileRef = FCABEE6F1ED67D1400755BFC /* UITextView+YZEmotion.m */; };
		FCABEE871ED67D1400755BFC /* YZEmotionCell.m in Sources */ = {isa = PBXBuildFile; fileRef = FCABEE711ED67D1400755BFC /* YZEmotionCell.m */; };
		FCABEE881ED67D1400755BFC /* YZEmotionCell.xib in Resources */ = {isa = PBXBuildFile; fileRef = FCABEE721ED67D1400755BFC /* YZEmotionCell.xib */; };
		FCABEE891ED67D1400755BFC /* YZEmotionKeyboard.m in Sources */ = {isa = PBXBuildFile; fileRef = FCABEE741ED67D1400755BFC /* YZEmotionKeyboard.m */; };
		FCABEE8A1ED67D1400755BFC /* YZEmotionKeyboard.xib in Resources */ = {isa = PBXBuildFile; fileRef = FCABEE751ED67D1400755BFC /* YZEmotionKeyboard.xib */; };
		FCABEE8B1ED67D1400755BFC /* YZEmotionManager.m in Sources */ = {isa = PBXBuildFile; fileRef = FCABEE771ED67D1400755BFC /* YZEmotionManager.m */; };
		FCABEE8C1ED67D1400755BFC /* YZEmotionPageCell.m in Sources */ = {isa = PBXBuildFile; fileRef = FCABEE791ED67D1400755BFC /* YZEmotionPageCell.m */; };
		FCABEE8D1ED67D1400755BFC /* YZTextAttachment.m in Sources */ = {isa = PBXBuildFile; fileRef = FCABEE7B1ED67D1400755BFC /* YZTextAttachment.m */; };
		FCABEE901ED6B23C00755BFC /* libxml2.2.tbd in Frameworks */ = {isa = PBXBuildFile; fileRef = FCABEE8F1ED6B23C00755BFC /* libxml2.2.tbd */; };
		FCABEE951ED6EC5E00755BFC /* AvatarImageModel.m in Sources */ = {isa = PBXBuildFile; fileRef = FCABEE941ED6EC5E00755BFC /* AvatarImageModel.m */; };
/* End PBXBuildFile section */

/* Begin PBXContainerItemProxy section */
		FCABEE0B1ED56C6300755BFC /* PBXContainerItemProxy */ = {
			isa = PBXContainerItemProxy;
			containerPortal = FCABEDE91ED56C6300755BFC /* Project object */;
			proxyType = 1;
			remoteGlobalIDString = FCABEDF01ED56C6300755BFC;
			remoteInfo = SQToolsGather;
		};
		FCABEE161ED56C6300755BFC /* PBXContainerItemProxy */ = {
			isa = PBXContainerItemProxy;
			containerPortal = FCABEDE91ED56C6300755BFC /* Project object */;
			proxyType = 1;
			remoteGlobalIDString = FCABEDF01ED56C6300755BFC;
			remoteInfo = SQToolsGather;
		};
/* End PBXContainerItemProxy section */

/* Begin PBXFileReference section */
		14DC84D021188101FAFDD168 /* Pods-SQToolsGatherTests.release.xcconfig */ = {isa = PBXFileReference; includeInIndex = 1; lastKnownFileType = text.xcconfig; name = "Pods-SQToolsGatherTests.release.xcconfig"; path = "Pods/Target Support Files/Pods-SQToolsGatherTests/Pods-SQToolsGatherTests.release.xcconfig"; sourceTree = "<group>"; };
		2215495DF50834FCCE249E42 /* Pods-SQToolsGatherUITests.release.xcconfig */ = {isa = PBXFileReference; includeInIndex = 1; lastKnownFileType = text.xcconfig; name = "Pods-SQToolsGatherUITests.release.xcconfig"; path = "Pods/Target Support Files/Pods-SQToolsGatherUITests/Pods-SQToolsGatherUITests.release.xcconfig"; sourceTree = "<group>"; };
		45F2746A4874774F104AA8AF /* Pods-SQToolsGatherTests.debug.xcconfig */ = {isa = PBXFileReference; includeInIndex = 1; lastKnownFileType = text.xcconfig; name = "Pods-SQToolsGatherTests.debug.xcconfig"; path = "Pods/Target Support Files/Pods-SQToolsGatherTests/Pods-SQToolsGatherTests.debug.xcconfig"; sourceTree = "<group>"; };
		461C629FC16BBCC562A16F5E /* libPods-SQToolsGatherTests.a */ = {isa = PBXFileReference; explicitFileType = archive.ar; includeInIndex = 0; path = "libPods-SQToolsGatherTests.a"; sourceTree = BUILT_PRODUCTS_DIR; };
		81A783EC70EC79F865045D92 /* Pods-SQToolsGatherUITests.debug.xcconfig */ = {isa = PBXFileReference; includeInIndex = 1; lastKnownFileType = text.xcconfig; name = "Pods-SQToolsGatherUITests.debug.xcconfig"; path = "Pods/Target Support Files/Pods-SQToolsGatherUITests/Pods-SQToolsGatherUITests.debug.xcconfig"; sourceTree = "<group>"; };
		9476BD3C5BF3D86610FC38EC /* libPods-SQToolsGatherUITests.a */ = {isa = PBXFileReference; explicitFileType = archive.ar; includeInIndex = 0; path = "libPods-SQToolsGatherUITests.a"; sourceTree = BUILT_PRODUCTS_DIR; };
		BB3AFEC9B0E8614BAAB9F701 /* Pods-SQToolsGather.debug.xcconfig */ = {isa = PBXFileReference; includeInIndex = 1; lastKnownFileType = text.xcconfig; name = "Pods-SQToolsGather.debug.xcconfig"; path = "Pods/Target Support Files/Pods-SQToolsGather/Pods-SQToolsGather.debug.xcconfig"; sourceTree = "<group>"; };
		C66533CCC239158B6B907FF2 /* Pods-SQToolsGather.release.xcconfig */ = {isa = PBXFileReference; includeInIndex = 1; lastKnownFileType = text.xcconfig; name = "Pods-SQToolsGather.release.xcconfig"; path = "Pods/Target Support Files/Pods-SQToolsGather/Pods-SQToolsGather.release.xcconfig"; sourceTree = "<group>"; };
		D549B4E18DDDF55D9AB14A2A /* libPods-SQToolsGather.a */ = {isa = PBXFileReference; explicitFileType = archive.ar; includeInIndex = 0; path = "libPods-SQToolsGather.a"; sourceTree = BUILT_PRODUCTS_DIR; };
		FC5A91861EDE60E2009D80F8 /* GLSelectedAssetsModel.h */ = {isa = PBXFileReference; fileEncoding = 4; lastKnownFileType = sourcecode.c.h; path = GLSelectedAssetsModel.h; sourceTree = "<group>"; };
		FC5A91871EDE60E2009D80F8 /* GLSelectedAssetsModel.m */ = {isa = PBXFileReference; fileEncoding = 4; lastKnownFileType = sourcecode.c.objc; path = GLSelectedAssetsModel.m; sourceTree = "<group>"; };
		FC5A91881EDE60E2009D80F8 /* LxGridViewFlowLayout.h */ = {isa = PBXFileReference; fileEncoding = 4; lastKnownFileType = sourcecode.c.h; path = LxGridViewFlowLayout.h; sourceTree = "<group>"; };
		FC5A91891EDE60E2009D80F8 /* LxGridViewFlowLayout.m */ = {isa = PBXFileReference; fileEncoding = 4; lastKnownFileType = sourcecode.c.objc; path = LxGridViewFlowLayout.m; sourceTree = "<group>"; };
		FC5A918A1EDE60E2009D80F8 /* SQImagePickerViewController.h */ = {isa = PBXFileReference; fileEncoding = 4; lastKnownFileType = sourcecode.c.h; path = SQImagePickerViewController.h; sourceTree = "<group>"; };
		FC5A918B1EDE60E2009D80F8 /* SQImagePickerViewController.m */ = {isa = PBXFileReference; fileEncoding = 4; lastKnownFileType = sourcecode.c.objc; path = SQImagePickerViewController.m; sourceTree = "<group>"; };
		FC5A918C1EDE60E2009D80F8 /* TZTestCell.h */ = {isa = PBXFileReference; fileEncoding = 4; lastKnownFileType = sourcecode.c.h; path = TZTestCell.h; sourceTree = "<group>"; };
		FC5A918D1EDE60E2009D80F8 /* TZTestCell.m */ = {isa = PBXFileReference; fileEncoding = 4; lastKnownFileType = sourcecode.c.objc; path = TZTestCell.m; sourceTree = "<group>"; };
		FC5A91941EDE610C009D80F8 /* IDMCaptionView.h */ = {isa = PBXFileReference; fileEncoding = 4; lastKnownFileType = sourcecode.c.h; path = IDMCaptionView.h; sourceTree = "<group>"; };
		FC5A91951EDE610C009D80F8 /* IDMCaptionView.m */ = {isa = PBXFileReference; fileEncoding = 4; lastKnownFileType = sourcecode.c.objc; path = IDMCaptionView.m; sourceTree = "<group>"; };
		FC5A91961EDE610C009D80F8 /* IDMPBConstants.h */ = {isa = PBXFileReference; fileEncoding = 4; lastKnownFileType = sourcecode.c.h; path = IDMPBConstants.h; sourceTree = "<group>"; };
		FC5A91971EDE610C009D80F8 /* IDMPBLocalizations.bundle */ = {isa = PBXFileReference; lastKnownFileType = "wrapper.plug-in"; path = IDMPBLocalizations.bundle; sourceTree = "<group>"; };
		FC5A91981EDE610C009D80F8 /* IDMPhoto.h */ = {isa = PBXFileReference; fileEncoding = 4; lastKnownFileType = sourcecode.c.h; path = IDMPhoto.h; sourceTree = "<group>"; };
		FC5A91991EDE610C009D80F8 /* IDMPhoto.m */ = {isa = PBXFileReference; fileEncoding = 4; lastKnownFileType = sourcecode.c.objc; path = IDMPhoto.m; sourceTree = "<group>"; };
		FC5A919A1EDE610C009D80F8 /* IDMPhotoBrowser.bundle */ = {isa = PBXFileReference; lastKnownFileType = "wrapper.plug-in"; path = IDMPhotoBrowser.bundle; sourceTree = "<group>"; };
		FC5A919B1EDE610C009D80F8 /* IDMPhotoBrowser.h */ = {isa = PBXFileReference; fileEncoding = 4; lastKnownFileType = sourcecode.c.h; path = IDMPhotoBrowser.h; sourceTree = "<group>"; };
		FC5A919C1EDE610C009D80F8 /* IDMPhotoBrowser.m */ = {isa = PBXFileReference; fileEncoding = 4; lastKnownFileType = sourcecode.c.objc; path = IDMPhotoBrowser.m; sourceTree = "<group>"; };
		FC5A919D1EDE610C009D80F8 /* IDMPhotoProtocol.h */ = {isa = PBXFileReference; fileEncoding = 4; lastKnownFileType = sourcecode.c.h; path = IDMPhotoProtocol.h; sourceTree = "<group>"; };
		FC5A919E1EDE610C009D80F8 /* IDMTapDetectingImageView.h */ = {isa = PBXFileReference; fileEncoding = 4; lastKnownFileType = sourcecode.c.h; path = IDMTapDetectingImageView.h; sourceTree = "<group>"; };
		FC5A919F1EDE610C009D80F8 /* IDMTapDetectingImageView.m */ = {isa = PBXFileReference; fileEncoding = 4; lastKnownFileType = sourcecode.c.objc; path = IDMTapDetectingImageView.m; sourceTree = "<group>"; };
		FC5A91A01EDE610C009D80F8 /* IDMTapDetectingView.h */ = {isa = PBXFileReference; fileEncoding = 4; lastKnownFileType = sourcecode.c.h; path = IDMTapDetectingView.h; sourceTree = "<group>"; };
		FC5A91A11EDE610C009D80F8 /* IDMTapDetectingView.m */ = {isa = PBXFileReference; fileEncoding = 4; lastKnownFileType = sourcecode.c.objc; path = IDMTapDetectingView.m; sourceTree = "<group>"; };
		FC5A91A21EDE610C009D80F8 /* IDMZoomingScrollView.h */ = {isa = PBXFileReference; fileEncoding = 4; lastKnownFileType = sourcecode.c.h; path = IDMZoomingScrollView.h; sourceTree = "<group>"; };
		FC5A91A31EDE610C009D80F8 /* IDMZoomingScrollView.m */ = {isa = PBXFileReference; fileEncoding = 4; lastKnownFileType = sourcecode.c.objc; path = IDMZoomingScrollView.m; sourceTree = "<group>"; };
		FC5A91A41EDE610C009D80F8 /* LICENSE.txt */ = {isa = PBXFileReference; fileEncoding = 4; lastKnownFileType = text; path = LICENSE.txt; sourceTree = "<group>"; };
		FC5A91A51EDE610C009D80F8 /* README.markdown */ = {isa = PBXFileReference; fileEncoding = 4; lastKnownFileType = net.daringfireball.markdown; path = README.markdown; sourceTree = "<group>"; };
		FC5A91B01EDE6979009D80F8 /* Reachability.h */ = {isa = PBXFileReference; fileEncoding = 4; lastKnownFileType = sourcecode.c.h; path = Reachability.h; sourceTree = "<group>"; };
		FC5A91B11EDE6979009D80F8 /* Reachability.m */ = {isa = PBXFileReference; fileEncoding = 4; lastKnownFileType = sourcecode.c.objc; path = Reachability.m; sourceTree = "<group>"; };
		FC83FF3A1ED8389100751169 /* PagingCollectionViewLayout.h */ = {isa = PBXFileReference; fileEncoding = 4; lastKnownFileType = sourcecode.c.h; path = PagingCollectionViewLayout.h; sourceTree = "<group>"; };
		FC83FF3B1ED8389100751169 /* PagingCollectionViewLayout.m */ = {isa = PBXFileReference; fileEncoding = 4; lastKnownFileType = sourcecode.c.objc; path = PagingCollectionViewLayout.m; sourceTree = "<group>"; };
		FC83FF3D1ED8389100751169 /* UIView+FrameExtension.h */ = {isa = PBXFileReference; fileEncoding = 4; lastKnownFileType = sourcecode.c.h; path = "UIView+FrameExtension.h"; sourceTree = "<group>"; };
		FC83FF3E1ED8389100751169 /* UIView+FrameExtension.m */ = {isa = PBXFileReference; fileEncoding = 4; lastKnownFileType = sourcecode.c.objc; path = "UIView+FrameExtension.m"; sourceTree = "<group>"; };
		FCABEDF11ED56C6300755BFC /* SQToolsGather.app */ = {isa = PBXFileReference; explicitFileType = wrapper.application; includeInIndex = 0; path = SQToolsGather.app; sourceTree = BUILT_PRODUCTS_DIR; };
		FCABEDF51ED56C6300755BFC /* main.m */ = {isa = PBXFileReference; lastKnownFileType = sourcecode.c.objc; path = main.m; sourceTree = "<group>"; };
		FCABEE001ED56C6300755BFC /* Assets.xcassets */ = {isa = PBXFileReference; lastKnownFileType = folder.assetcatalog; path = Assets.xcassets; sourceTree = "<group>"; };
		FCABEE051ED56C6300755BFC /* Info.plist */ = {isa = PBXFileReference; lastKnownFileType = text.plist.xml; path = Info.plist; sourceTree = "<group>"; };
		FCABEE0A1ED56C6300755BFC /* SQToolsGatherTests.xctest */ = {isa = PBXFileReference; explicitFileType = wrapper.cfbundle; includeInIndex = 0; path = SQToolsGatherTests.xctest; sourceTree = BUILT_PRODUCTS_DIR; };
		FCABEE0E1ED56C6300755BFC /* SQToolsGatherTests.m */ = {isa = PBXFileReference; lastKnownFileType = sourcecode.c.objc; path = SQToolsGatherTests.m; sourceTree = "<group>"; };
		FCABEE101ED56C6300755BFC /* Info.plist */ = {isa = PBXFileReference; lastKnownFileType = text.plist.xml; path = Info.plist; sourceTree = "<group>"; };
		FCABEE151ED56C6300755BFC /* SQToolsGatherUITests.xctest */ = {isa = PBXFileReference; explicitFileType = wrapper.cfbundle; includeInIndex = 0; path = SQToolsGatherUITests.xctest; sourceTree = BUILT_PRODUCTS_DIR; };
		FCABEE191ED56C6300755BFC /* SQToolsGatherUITests.m */ = {isa = PBXFileReference; lastKnownFileType = sourcecode.c.objc; path = SQToolsGatherUITests.m; sourceTree = "<group>"; };
		FCABEE1B1ED56C6300755BFC /* Info.plist */ = {isa = PBXFileReference; lastKnownFileType = text.plist.xml; path = Info.plist; sourceTree = "<group>"; };
		FCABEE271ED56CC500755BFC /* LaunchScreen.storyboard */ = {isa = PBXFileReference; fileEncoding = 4; lastKnownFileType = file.storyboard; path = LaunchScreen.storyboard; sourceTree = "<group>"; };
		FCABEE291ED56CF300755BFC /* AppDelegate.h */ = {isa = PBXFileReference; fileEncoding = 4; lastKnownFileType = sourcecode.c.h; path = AppDelegate.h; sourceTree = "<group>"; };
		FCABEE2A1ED56CF300755BFC /* AppDelegate.m */ = {isa = PBXFileReference; fileEncoding = 4; lastKnownFileType = sourcecode.c.objc; path = AppDelegate.m; sourceTree = "<group>"; };
		FCABEE2B1ED56CF300755BFC /* SQBaseNavgationController.h */ = {isa = PBXFileReference; fileEncoding = 4; lastKnownFileType = sourcecode.c.h; path = SQBaseNavgationController.h; sourceTree = "<group>"; };
		FCABEE2C1ED56CF300755BFC /* SQBaseNavgationController.m */ = {isa = PBXFileReference; fileEncoding = 4; lastKnownFileType = sourcecode.c.objc; path = SQBaseNavgationController.m; sourceTree = "<group>"; };
		FCABEE2D1ED56CF300755BFC /* SQBaseViewController.h */ = {isa = PBXFileReference; fileEncoding = 4; lastKnownFileType = sourcecode.c.h; path = SQBaseViewController.h; sourceTree = "<group>"; };
		FCABEE2E1ED56CF300755BFC /* SQBaseViewController.m */ = {isa = PBXFileReference; fileEncoding = 4; lastKnownFileType = sourcecode.c.objc; path = SQBaseViewController.m; sourceTree = "<group>"; };
		FCABEE311ED56CF300755BFC /* SQMainViewController.h */ = {isa = PBXFileReference; fileEncoding = 4; lastKnownFileType = sourcecode.c.h; path = SQMainViewController.h; sourceTree = "<group>"; };
		FCABEE321ED56CF300755BFC /* SQMainViewController.m */ = {isa = PBXFileReference; fileEncoding = 4; lastKnownFileType = sourcecode.c.objc; path = SQMainViewController.m; sourceTree = "<group>"; };
		FCABEE331ED56CF300755BFC /* SQMeViewController.h */ = {isa = PBXFileReference; fileEncoding = 4; lastKnownFileType = sourcecode.c.h; path = SQMeViewController.h; sourceTree = "<group>"; };
		FCABEE341ED56CF300755BFC /* SQMeViewController.m */ = {isa = PBXFileReference; fileEncoding = 4; lastKnownFileType = sourcecode.c.objc; path = SQMeViewController.m; sourceTree = "<group>"; };
		FCABEE351ED56CF300755BFC /* SQTabBarController.h */ = {isa = PBXFileReference; fileEncoding = 4; lastKnownFileType = sourcecode.c.h; path = SQTabBarController.h; sourceTree = "<group>"; };
		FCABEE361ED56CF300755BFC /* SQTabBarController.m */ = {isa = PBXFileReference; fileEncoding = 4; lastKnownFileType = sourcecode.c.objc; path = SQTabBarController.m; sourceTree = "<group>"; };
		FCABEE3F1ED56D1E00755BFC /* Utils.h */ = {isa = PBXFileReference; fileEncoding = 4; lastKnownFileType = sourcecode.c.h; name = Utils.h; path = ../Utils.h; sourceTree = "<group>"; };
		FCABEE401ED56D1E00755BFC /* Utils.m */ = {isa = PBXFileReference; fileEncoding = 4; lastKnownFileType = sourcecode.c.objc; name = Utils.m; path = ../Utils.m; sourceTree = "<group>"; };
		FCABEE421ED56D4000755BFC /* ToolsGatherPCH.pch */ = {isa = PBXFileReference; lastKnownFileType = sourcecode.c.h; path = ToolsGatherPCH.pch; sourceTree = "<group>"; };
		FCABEE431ED56D5600755BFC /* ToolsHeader.h */ = {isa = PBXFileReference; lastKnownFileType = sourcecode.c.h; path = ToolsHeader.h; sourceTree = "<group>"; };
		FCABEE461ED5873900755BFC /* SQDrawViewTools.h */ = {isa = PBXFileReference; fileEncoding = 4; lastKnownFileType = sourcecode.c.h; path = SQDrawViewTools.h; sourceTree = "<group>"; };
		FCABEE471ED5873900755BFC /* SQDrawViewTools.m */ = {isa = PBXFileReference; fileEncoding = 4; lastKnownFileType = sourcecode.c.objc; path = SQDrawViewTools.m; sourceTree = "<group>"; };
		FCABEE5A1ED67D1400755BFC /* TFHpple.h */ = {isa = PBXFileReference; fileEncoding = 4; lastKnownFileType = sourcecode.c.h; path = TFHpple.h; sourceTree = "<group>"; };
		FCABEE5B1ED67D1400755BFC /* TFHpple.m */ = {isa = PBXFileReference; fileEncoding = 4; lastKnownFileType = sourcecode.c.objc; path = TFHpple.m; sourceTree = "<group>"; };
		FCABEE5C1ED67D1400755BFC /* TFHppleElement.h */ = {isa = PBXFileReference; fileEncoding = 4; lastKnownFileType = sourcecode.c.h; path = TFHppleElement.h; sourceTree = "<group>"; };
		FCABEE5D1ED67D1400755BFC /* TFHppleElement.m */ = {isa = PBXFileReference; fileEncoding = 4; lastKnownFileType = sourcecode.c.objc; path = TFHppleElement.m; sourceTree = "<group>"; };
		FCABEE5E1ED67D1400755BFC /* XPathQuery.h */ = {isa = PBXFileReference; fileEncoding = 4; lastKnownFileType = sourcecode.c.h; path = XPathQuery.h; sourceTree = "<group>"; };
		FCABEE5F1ED67D1400755BFC /* XPathQuery.m */ = {isa = PBXFileReference; fileEncoding = 4; lastKnownFileType = sourcecode.c.objc; path = XPathQuery.m; sourceTree = "<group>"; };
		FCABEE601ED67D1400755BFC /* EmojiObject.h */ = {isa = PBXFileReference; fileEncoding = 4; lastKnownFileType = sourcecode.c.h; path = EmojiObject.h; sourceTree = "<group>"; };
		FCABEE611ED67D1400755BFC /* EmojiObject.m */ = {isa = PBXFileReference; fileEncoding = 4; lastKnownFileType = sourcecode.c.objc; path = EmojiObject.m; sourceTree = "<group>"; };
		FCABEE621ED67D1400755BFC /* EmotionNodeObject.h */ = {isa = PBXFileReference; fileEncoding = 4; lastKnownFileType = sourcecode.c.h; path = EmotionNodeObject.h; sourceTree = "<group>"; };
		FCABEE631ED67D1400755BFC /* EmotionNodeObject.m */ = {isa = PBXFileReference; fileEncoding = 4; lastKnownFileType = sourcecode.c.objc; path = EmotionNodeObject.m; sourceTree = "<group>"; };
		FCABEE641ED67D1400755BFC /* GLCommentCellBtn.h */ = {isa = PBXFileReference; fileEncoding = 4; lastKnownFileType = sourcecode.c.h; path = GLCommentCellBtn.h; sourceTree = "<group>"; };
		FCABEE651ED67D1400755BFC /* GLCommentCellBtn.m */ = {isa = PBXFileReference; fileEncoding = 4; lastKnownFileType = sourcecode.c.objc; path = GLCommentCellBtn.m; sourceTree = "<group>"; };
		FCABEE661ED67D1400755BFC /* NodeAtObject.h */ = {isa = PBXFileReference; fileEncoding = 4; lastKnownFileType = sourcecode.c.h; path = NodeAtObject.h; sourceTree = "<group>"; };
		FCABEE671ED67D1400755BFC /* NodeAtObject.m */ = {isa = PBXFileReference; fileEncoding = 4; lastKnownFileType = sourcecode.c.objc; path = NodeAtObject.m; sourceTree = "<group>"; };
		FCABEE681ED67D1400755BFC /* NodeAttributeObject.h */ = {isa = PBXFileReference; fileEncoding = 4; lastKnownFileType = sourcecode.c.h; path = NodeAttributeObject.h; sourceTree = "<group>"; };
		FCABEE691ED67D1400755BFC /* NodeAttributeObject.m */ = {isa = PBXFileReference; fileEncoding = 4; lastKnownFileType = sourcecode.c.objc; path = NodeAttributeObject.m; sourceTree = "<group>"; };
		FCABEE6A1ED67D1400755BFC /* NodeImageObject.h */ = {isa = PBXFileReference; fileEncoding = 4; lastKnownFileType = sourcecode.c.h; path = NodeImageObject.h; sourceTree = "<group>"; };
		FCABEE6B1ED67D1400755BFC /* NodeImageObject.m */ = {isa = PBXFileReference; fileEncoding = 4; lastKnownFileType = sourcecode.c.objc; path = NodeImageObject.m; sourceTree = "<group>"; };
		FCABEE6C1ED67D1400755BFC /* UITextField+YZEmotion.h */ = {isa = PBXFileReference; fileEncoding = 4; lastKnownFileType = sourcecode.c.h; path = "UITextField+YZEmotion.h"; sourceTree = "<group>"; };
		FCABEE6D1ED67D1400755BFC /* UITextField+YZEmotion.m */ = {isa = PBXFileReference; fileEncoding = 4; lastKnownFileType = sourcecode.c.objc; path = "UITextField+YZEmotion.m"; sourceTree = "<group>"; };
		FCABEE6E1ED67D1400755BFC /* UITextView+YZEmotion.h */ = {isa = PBXFileReference; fileEncoding = 4; lastKnownFileType = sourcecode.c.h; path = "UITextView+YZEmotion.h"; sourceTree = "<group>"; };
		FCABEE6F1ED67D1400755BFC /* UITextView+YZEmotion.m */ = {isa = PBXFileReference; fileEncoding = 4; lastKnownFileType = sourcecode.c.objc; path = "UITextView+YZEmotion.m"; sourceTree = "<group>"; };
		FCABEE701ED67D1400755BFC /* YZEmotionCell.h */ = {isa = PBXFileReference; fileEncoding = 4; lastKnownFileType = sourcecode.c.h; path = YZEmotionCell.h; sourceTree = "<group>"; };
		FCABEE711ED67D1400755BFC /* YZEmotionCell.m */ = {isa = PBXFileReference; fileEncoding = 4; lastKnownFileType = sourcecode.c.objc; path = YZEmotionCell.m; sourceTree = "<group>"; };
		FCABEE721ED67D1400755BFC /* YZEmotionCell.xib */ = {isa = PBXFileReference; fileEncoding = 4; lastKnownFileType = file.xib; path = YZEmotionCell.xib; sourceTree = "<group>"; };
		FCABEE731ED67D1400755BFC /* YZEmotionKeyboard.h */ = {isa = PBXFileReference; fileEncoding = 4; lastKnownFileType = sourcecode.c.h; path = YZEmotionKeyboard.h; sourceTree = "<group>"; };
		FCABEE741ED67D1400755BFC /* YZEmotionKeyboard.m */ = {isa = PBXFileReference; fileEncoding = 4; lastKnownFileType = sourcecode.c.objc; path = YZEmotionKeyboard.m; sourceTree = "<group>"; };
		FCABEE751ED67D1400755BFC /* YZEmotionKeyboard.xib */ = {isa = PBXFileReference; fileEncoding = 4; lastKnownFileType = file.xib; path = YZEmotionKeyboard.xib; sourceTree = "<group>"; };
		FCABEE761ED67D1400755BFC /* YZEmotionManager.h */ = {isa = PBXFileReference; fileEncoding = 4; lastKnownFileType = sourcecode.c.h; path = YZEmotionManager.h; sourceTree = "<group>"; };
		FCABEE771ED67D1400755BFC /* YZEmotionManager.m */ = {isa = PBXFileReference; fileEncoding = 4; lastKnownFileType = sourcecode.c.objc; path = YZEmotionManager.m; sourceTree = "<group>"; };
		FCABEE781ED67D1400755BFC /* YZEmotionPageCell.h */ = {isa = PBXFileReference; fileEncoding = 4; lastKnownFileType = sourcecode.c.h; path = YZEmotionPageCell.h; sourceTree = "<group>"; };
		FCABEE791ED67D1400755BFC /* YZEmotionPageCell.m */ = {isa = PBXFileReference; fileEncoding = 4; lastKnownFileType = sourcecode.c.objc; path = YZEmotionPageCell.m; sourceTree = "<group>"; };
		FCABEE7A1ED67D1400755BFC /* YZTextAttachment.h */ = {isa = PBXFileReference; fileEncoding = 4; lastKnownFileType = sourcecode.c.h; path = YZTextAttachment.h; sourceTree = "<group>"; };
		FCABEE7B1ED67D1400755BFC /* YZTextAttachment.m */ = {isa = PBXFileReference; fileEncoding = 4; lastKnownFileType = sourcecode.c.objc; path = YZTextAttachment.m; sourceTree = "<group>"; };
		FCABEE8F1ED6B23C00755BFC /* libxml2.2.tbd */ = {isa = PBXFileReference; lastKnownFileType = "sourcecode.text-based-dylib-definition"; name = libxml2.2.tbd; path = usr/lib/libxml2.2.tbd; sourceTree = SDKROOT; };
		FCABEE911ED6B2CA00755BFC /* libresolv.tbd */ = {isa = PBXFileReference; lastKnownFileType = "sourcecode.text-based-dylib-definition"; name = libresolv.tbd; path = usr/lib/libresolv.tbd; sourceTree = SDKROOT; };
		FCABEE931ED6EC5E00755BFC /* AvatarImageModel.h */ = {isa = PBXFileReference; fileEncoding = 4; lastKnownFileType = sourcecode.c.h; path = AvatarImageModel.h; sourceTree = "<group>"; };
		FCABEE941ED6EC5E00755BFC /* AvatarImageModel.m */ = {isa = PBXFileReference; fileEncoding = 4; lastKnownFileType = sourcecode.c.objc; path = AvatarImageModel.m; sourceTree = "<group>"; };
/* End PBXFileReference section */

/* Begin PBXFrameworksBuildPhase section */
		FCABEDEE1ED56C6300755BFC /* Frameworks */ = {
			isa = PBXFrameworksBuildPhase;
			buildActionMask = 2147483647;
			files = (
				FCABEE901ED6B23C00755BFC /* libxml2.2.tbd in Frameworks */,
				B65C10F49FFE8DAD16EB952C /* libPods-SQToolsGather.a in Frameworks */,
			);
			runOnlyForDeploymentPostprocessing = 0;
		};
		FCABEE071ED56C6300755BFC /* Frameworks */ = {
			isa = PBXFrameworksBuildPhase;
			buildActionMask = 2147483647;
			files = (
				1060A7587E9C691B2121A04A /* libPods-SQToolsGatherTests.a in Frameworks */,
			);
			runOnlyForDeploymentPostprocessing = 0;
		};
		FCABEE121ED56C6300755BFC /* Frameworks */ = {
			isa = PBXFrameworksBuildPhase;
			buildActionMask = 2147483647;
			files = (
				5A2E1E9181555DD07D3D8248 /* libPods-SQToolsGatherUITests.a in Frameworks */,
			);
			runOnlyForDeploymentPostprocessing = 0;
		};
/* End PBXFrameworksBuildPhase section */

/* Begin PBXGroup section */
		7C185A2EE283D73B2E40848C /* Frameworks */ = {
			isa = PBXGroup;
			children = (
				FCABEE911ED6B2CA00755BFC /* libresolv.tbd */,
				FCABEE8F1ED6B23C00755BFC /* libxml2.2.tbd */,
				D549B4E18DDDF55D9AB14A2A /* libPods-SQToolsGather.a */,
				461C629FC16BBCC562A16F5E /* libPods-SQToolsGatherTests.a */,
				9476BD3C5BF3D86610FC38EC /* libPods-SQToolsGatherUITests.a */,
			);
			name = Frameworks;
			sourceTree = "<group>";
		};
		FB6E126CD197AB1CC9445533 /* Pods */ = {
			isa = PBXGroup;
			children = (
				BB3AFEC9B0E8614BAAB9F701 /* Pods-SQToolsGather.debug.xcconfig */,
				C66533CCC239158B6B907FF2 /* Pods-SQToolsGather.release.xcconfig */,
				45F2746A4874774F104AA8AF /* Pods-SQToolsGatherTests.debug.xcconfig */,
				14DC84D021188101FAFDD168 /* Pods-SQToolsGatherTests.release.xcconfig */,
				81A783EC70EC79F865045D92 /* Pods-SQToolsGatherUITests.debug.xcconfig */,
				2215495DF50834FCCE249E42 /* Pods-SQToolsGatherUITests.release.xcconfig */,
			);
			name = Pods;
			sourceTree = "<group>";
		};
		FC5A91851EDE60E2009D80F8 /* 图片选择器 */ = {
			isa = PBXGroup;
			children = (
				FC5A91861EDE60E2009D80F8 /* GLSelectedAssetsModel.h */,
				FC5A91871EDE60E2009D80F8 /* GLSelectedAssetsModel.m */,
				FC5A91881EDE60E2009D80F8 /* LxGridViewFlowLayout.h */,
				FC5A91891EDE60E2009D80F8 /* LxGridViewFlowLayout.m */,
				FC5A918A1EDE60E2009D80F8 /* SQImagePickerViewController.h */,
				FC5A918B1EDE60E2009D80F8 /* SQImagePickerViewController.m */,
				FC5A918C1EDE60E2009D80F8 /* TZTestCell.h */,
				FC5A918D1EDE60E2009D80F8 /* TZTestCell.m */,
			);
			path = "图片选择器";
			sourceTree = "<group>";
		};
		FC5A91921EDE610C009D80F8 /* 图片查看器 */ = {
			isa = PBXGroup;
			children = (
				FC5A91931EDE610C009D80F8 /* Classes */,
				FC5A91A41EDE610C009D80F8 /* LICENSE.txt */,
				FC5A91A51EDE610C009D80F8 /* README.markdown */,
			);
			path = "图片查看器";
			sourceTree = "<group>";
		};
		FC5A91931EDE610C009D80F8 /* Classes */ = {
			isa = PBXGroup;
			children = (
				FC5A91941EDE610C009D80F8 /* IDMCaptionView.h */,
				FC5A91951EDE610C009D80F8 /* IDMCaptionView.m */,
				FC5A91961EDE610C009D80F8 /* IDMPBConstants.h */,
				FC5A91971EDE610C009D80F8 /* IDMPBLocalizations.bundle */,
				FC5A91981EDE610C009D80F8 /* IDMPhoto.h */,
				FC5A91991EDE610C009D80F8 /* IDMPhoto.m */,
				FC5A919A1EDE610C009D80F8 /* IDMPhotoBrowser.bundle */,
				FC5A919B1EDE610C009D80F8 /* IDMPhotoBrowser.h */,
				FC5A919C1EDE610C009D80F8 /* IDMPhotoBrowser.m */,
				FC5A919D1EDE610C009D80F8 /* IDMPhotoProtocol.h */,
				FC5A919E1EDE610C009D80F8 /* IDMTapDetectingImageView.h */,
				FC5A919F1EDE610C009D80F8 /* IDMTapDetectingImageView.m */,
				FC5A91A01EDE610C009D80F8 /* IDMTapDetectingView.h */,
				FC5A91A11EDE610C009D80F8 /* IDMTapDetectingView.m */,
				FC5A91A21EDE610C009D80F8 /* IDMZoomingScrollView.h */,
				FC5A91A31EDE610C009D80F8 /* IDMZoomingScrollView.m */,
			);
			path = Classes;
			sourceTree = "<group>";
		};
		FC83FF341ED8373900751169 /* 项目常用工具分类 */ = {
			isa = PBXGroup;
			children = (
				FCABEE3F1ED56D1E00755BFC /* Utils.h */,
				FCABEE401ED56D1E00755BFC /* Utils.m */,
				FC5A91B01EDE6979009D80F8 /* Reachability.h */,
				FC5A91B11EDE6979009D80F8 /* Reachability.m */,
				FC83FF391ED8389100751169 /* UICollectionView水平布局（cell横向添加） */,
				FC83FF3C1ED8389100751169 /* UIView分类 */,
			);
			path = "项目常用工具分类";
			sourceTree = "<group>";
		};
		FC83FF391ED8389100751169 /* UICollectionView水平布局（cell横向添加） */ = {
			isa = PBXGroup;
			children = (
				FC83FF3A1ED8389100751169 /* PagingCollectionViewLayout.h */,
				FC83FF3B1ED8389100751169 /* PagingCollectionViewLayout.m */,
			);
			path = "UICollectionView水平布局（cell横向添加）";
			sourceTree = "<group>";
		};
		FC83FF3C1ED8389100751169 /* UIView分类 */ = {
			isa = PBXGroup;
			children = (
				FC83FF3D1ED8389100751169 /* UIView+FrameExtension.h */,
				FC83FF3E1ED8389100751169 /* UIView+FrameExtension.m */,
			);
			path = "UIView分类";
			sourceTree = "<group>";
		};
		FCABEDE81ED56C6300755BFC = {
			isa = PBXGroup;
			children = (
				FCABEDF31ED56C6300755BFC /* SQToolsGather */,
				FCABEE0D1ED56C6300755BFC /* SQToolsGatherTests */,
				FCABEE181ED56C6300755BFC /* SQToolsGatherUITests */,
				FCABEDF21ED56C6300755BFC /* Products */,
				FB6E126CD197AB1CC9445533 /* Pods */,
				7C185A2EE283D73B2E40848C /* Frameworks */,
			);
			sourceTree = "<group>";
		};
		FCABEDF21ED56C6300755BFC /* Products */ = {
			isa = PBXGroup;
			children = (
				FCABEDF11ED56C6300755BFC /* SQToolsGather.app */,
				FCABEE0A1ED56C6300755BFC /* SQToolsGatherTests.xctest */,
				FCABEE151ED56C6300755BFC /* SQToolsGatherUITests.xctest */,
			);
			name = Products;
			sourceTree = "<group>";
		};
		FCABEDF31ED56C6300755BFC /* SQToolsGather */ = {
			isa = PBXGroup;
			children = (
				FCABEE291ED56CF300755BFC /* AppDelegate.h */,
				FCABEE2A1ED56CF300755BFC /* AppDelegate.m */,
				FCABEE311ED56CF300755BFC /* SQMainViewController.h */,
				FCABEE321ED56CF300755BFC /* SQMainViewController.m */,
				FCABEE331ED56CF300755BFC /* SQMeViewController.h */,
				FCABEE341ED56CF300755BFC /* SQMeViewController.m */,
				FCABEE351ED56CF300755BFC /* SQTabBarController.h */,
				FCABEE361ED56CF300755BFC /* SQTabBarController.m */,
				FCABEE8E1ED6898400755BFC /* 归档和解档 */,
				FCABEE571ED67CFE00755BFC /* 表情键盘（内含HTML表情解析） */,
				FCABEE451ED586EF00755BFC /* 图形绘制 */,
				FCABEE491ED59B4500755BFC /* 图片选择器和查看器 */,
				FC83FF341ED8373900751169 /* 项目常用工具分类 */,
				FCABEE001ED56C6300755BFC /* Assets.xcassets */,
				FCABEE051ED56C6300755BFC /* Info.plist */,
				FCABEDF41ED56C6300755BFC /* Supporting Files */,
			);
			path = SQToolsGather;
			sourceTree = "<group>";
		};
		FCABEDF41ED56C6300755BFC /* Supporting Files */ = {
			isa = PBXGroup;
			children = (
				FCABEE931ED6EC5E00755BFC /* AvatarImageModel.h */,
				FCABEE941ED6EC5E00755BFC /* AvatarImageModel.m */,
				FCABEE271ED56CC500755BFC /* LaunchScreen.storyboard */,
				FCABEDF51ED56C6300755BFC /* main.m */,
				FCABEE421ED56D4000755BFC /* ToolsGatherPCH.pch */,
				FCABEE431ED56D5600755BFC /* ToolsHeader.h */,
				FCABEE2B1ED56CF300755BFC /* SQBaseNavgationController.h */,
				FCABEE2C1ED56CF300755BFC /* SQBaseNavgationController.m */,
				FCABEE2D1ED56CF300755BFC /* SQBaseViewController.h */,
				FCABEE2E1ED56CF300755BFC /* SQBaseViewController.m */,
			);
			name = "Supporting Files";
			sourceTree = "<group>";
		};
		FCABEE0D1ED56C6300755BFC /* SQToolsGatherTests */ = {
			isa = PBXGroup;
			children = (
				FCABEE0E1ED56C6300755BFC /* SQToolsGatherTests.m */,
				FCABEE101ED56C6300755BFC /* Info.plist */,
			);
			path = SQToolsGatherTests;
			sourceTree = "<group>";
		};
		FCABEE181ED56C6300755BFC /* SQToolsGatherUITests */ = {
			isa = PBXGroup;
			children = (
				FCABEE191ED56C6300755BFC /* SQToolsGatherUITests.m */,
				FCABEE1B1ED56C6300755BFC /* Info.plist */,
			);
			path = SQToolsGatherUITests;
			sourceTree = "<group>";
		};
		FCABEE451ED586EF00755BFC /* 图形绘制 */ = {
			isa = PBXGroup;
			children = (
				FCABEE461ED5873900755BFC /* SQDrawViewTools.h */,
				FCABEE471ED5873900755BFC /* SQDrawViewTools.m */,
			);
			path = "图形绘制";
			sourceTree = "<group>";
		};
		FCABEE491ED59B4500755BFC /* 图片选择器和查看器 */ = {
			isa = PBXGroup;
			children = (
				FC5A91921EDE610C009D80F8 /* 图片查看器 */,
				FC5A91851EDE60E2009D80F8 /* 图片选择器 */,
			);
			path = "图片选择器和查看器";
			sourceTree = "<group>";
		};
		FCABEE571ED67CFE00755BFC /* 表情键盘（内含HTML表情解析） */ = {
			isa = PBXGroup;
			children = (
				FCABEE581ED67D1400755BFC /* YZEmotionKeyboard */,
			);
			path = "表情键盘（内含HTML表情解析）";
			sourceTree = "<group>";
		};
		FCABEE581ED67D1400755BFC /* YZEmotionKeyboard */ = {
			isa = PBXGroup;
			children = (
				FCABEE591ED67D1400755BFC /* HMTL解析 */,
				FCABEE601ED67D1400755BFC /* EmojiObject.h */,
				FCABEE611ED67D1400755BFC /* EmojiObject.m */,
				FCABEE621ED67D1400755BFC /* EmotionNodeObject.h */,
				FCABEE631ED67D1400755BFC /* EmotionNodeObject.m */,
				FCABEE641ED67D1400755BFC /* GLCommentCellBtn.h */,
				FCABEE651ED67D1400755BFC /* GLCommentCellBtn.m */,
				FCABEE661ED67D1400755BFC /* NodeAtObject.h */,
				FCABEE671ED67D1400755BFC /* NodeAtObject.m */,
				FCABEE681ED67D1400755BFC /* NodeAttributeObject.h */,
				FCABEE691ED67D1400755BFC /* NodeAttributeObject.m */,
				FCABEE6A1ED67D1400755BFC /* NodeImageObject.h */,
				FCABEE6B1ED67D1400755BFC /* NodeImageObject.m */,
				FCABEE6C1ED67D1400755BFC /* UITextField+YZEmotion.h */,
				FCABEE6D1ED67D1400755BFC /* UITextField+YZEmotion.m */,
				FCABEE6E1ED67D1400755BFC /* UITextView+YZEmotion.h */,
				FCABEE6F1ED67D1400755BFC /* UITextView+YZEmotion.m */,
				FCABEE701ED67D1400755BFC /* YZEmotionCell.h */,
				FCABEE711ED67D1400755BFC /* YZEmotionCell.m */,
				FCABEE721ED67D1400755BFC /* YZEmotionCell.xib */,
				FCABEE731ED67D1400755BFC /* YZEmotionKeyboard.h */,
				FCABEE741ED67D1400755BFC /* YZEmotionKeyboard.m */,
				FCABEE751ED67D1400755BFC /* YZEmotionKeyboard.xib */,
				FCABEE761ED67D1400755BFC /* YZEmotionManager.h */,
				FCABEE771ED67D1400755BFC /* YZEmotionManager.m */,
				FCABEE781ED67D1400755BFC /* YZEmotionPageCell.h */,
				FCABEE791ED67D1400755BFC /* YZEmotionPageCell.m */,
				FCABEE7A1ED67D1400755BFC /* YZTextAttachment.h */,
				FCABEE7B1ED67D1400755BFC /* YZTextAttachment.m */,
			);
			path = YZEmotionKeyboard;
			sourceTree = "<group>";
		};
		FCABEE591ED67D1400755BFC /* HMTL解析 */ = {
			isa = PBXGroup;
			children = (
				FCABEE5A1ED67D1400755BFC /* TFHpple.h */,
				FCABEE5B1ED67D1400755BFC /* TFHpple.m */,
				FCABEE5C1ED67D1400755BFC /* TFHppleElement.h */,
				FCABEE5D1ED67D1400755BFC /* TFHppleElement.m */,
				FCABEE5E1ED67D1400755BFC /* XPathQuery.h */,
				FCABEE5F1ED67D1400755BFC /* XPathQuery.m */,
			);
			name = "HMTL解析";
			path = Classes;
			sourceTree = "<group>";
		};
		FCABEE8E1ED6898400755BFC /* 归档和解档 */ = {
			isa = PBXGroup;
			children = (
			);
			path = "归档和解档";
			sourceTree = "<group>";
		};
/* End PBXGroup section */

/* Begin PBXNativeTarget section */
		FCABEDF01ED56C6300755BFC /* SQToolsGather */ = {
			isa = PBXNativeTarget;
			buildConfigurationList = FCABEE1E1ED56C6300755BFC /* Build configuration list for PBXNativeTarget "SQToolsGather" */;
			buildPhases = (
				84B75085037A0AC063770F98 /* [CP] Check Pods Manifest.lock */,
				FCABEDED1ED56C6300755BFC /* Sources */,
				FCABEDEE1ED56C6300755BFC /* Frameworks */,
				FCABEDEF1ED56C6300755BFC /* Resources */,
				4A4F9505BBC57D495AB51339 /* [CP] Embed Pods Frameworks */,
				70C0D401A9AF4B59F704032D /* [CP] Copy Pods Resources */,
			);
			buildRules = (
			);
			dependencies = (
			);
			name = SQToolsGather;
			productName = SQToolsGather;
			productReference = FCABEDF11ED56C6300755BFC /* SQToolsGather.app */;
			productType = "com.apple.product-type.application";
		};
		FCABEE091ED56C6300755BFC /* SQToolsGatherTests */ = {
			isa = PBXNativeTarget;
			buildConfigurationList = FCABEE211ED56C6300755BFC /* Build configuration list for PBXNativeTarget "SQToolsGatherTests" */;
			buildPhases = (
				3715F19526BA4C73715E3288 /* [CP] Check Pods Manifest.lock */,
				FCABEE061ED56C6300755BFC /* Sources */,
				FCABEE071ED56C6300755BFC /* Frameworks */,
				FCABEE081ED56C6300755BFC /* Resources */,
				593F881BE18944D53574E06F /* [CP] Embed Pods Frameworks */,
				F613BD21E8B6EA4B32126AF0 /* [CP] Copy Pods Resources */,
			);
			buildRules = (
			);
			dependencies = (
				FCABEE0C1ED56C6300755BFC /* PBXTargetDependency */,
			);
			name = SQToolsGatherTests;
			productName = SQToolsGatherTests;
			productReference = FCABEE0A1ED56C6300755BFC /* SQToolsGatherTests.xctest */;
			productType = "com.apple.product-type.bundle.unit-test";
		};
		FCABEE141ED56C6300755BFC /* SQToolsGatherUITests */ = {
			isa = PBXNativeTarget;
			buildConfigurationList = FCABEE241ED56C6300755BFC /* Build configuration list for PBXNativeTarget "SQToolsGatherUITests" */;
			buildPhases = (
				AEFB4E66673C366BD3DF0A90 /* [CP] Check Pods Manifest.lock */,
				FCABEE111ED56C6300755BFC /* Sources */,
				FCABEE121ED56C6300755BFC /* Frameworks */,
				FCABEE131ED56C6300755BFC /* Resources */,
				9C00AEF581E8DC451F8F0E33 /* [CP] Copy Pods Resources */,
			);
			buildRules = (
			);
			dependencies = (
				FCABEE171ED56C6300755BFC /* PBXTargetDependency */,
			);
			name = SQToolsGatherUITests;
			productName = SQToolsGatherUITests;
			productReference = FCABEE151ED56C6300755BFC /* SQToolsGatherUITests.xctest */;
			productType = "com.apple.product-type.bundle.ui-testing";
		};
/* End PBXNativeTarget section */

/* Begin PBXProject section */
		FCABEDE91ED56C6300755BFC /* Project object */ = {
			isa = PBXProject;
			attributes = {
				LastUpgradeCheck = 0830;
				ORGANIZATIONNAME = qianwei;
				TargetAttributes = {
					FCABEDF01ED56C6300755BFC = {
						CreatedOnToolsVersion = 8.3;
						DevelopmentTeam = X4738Q25LY;
						ProvisioningStyle = Automatic;
					};
					FCABEE091ED56C6300755BFC = {
						CreatedOnToolsVersion = 8.3;
						DevelopmentTeam = SSJK4DGTL7;
						ProvisioningStyle = Automatic;
						TestTargetID = FCABEDF01ED56C6300755BFC;
					};
					FCABEE141ED56C6300755BFC = {
						CreatedOnToolsVersion = 8.3;
						DevelopmentTeam = SSJK4DGTL7;
						ProvisioningStyle = Automatic;
						TestTargetID = FCABEDF01ED56C6300755BFC;
					};
				};
			};
			buildConfigurationList = FCABEDEC1ED56C6300755BFC /* Build configuration list for PBXProject "SQToolsGather" */;
			compatibilityVersion = "Xcode 3.2";
			developmentRegion = English;
			hasScannedForEncodings = 0;
			knownRegions = (
				en,
				Base,
			);
			mainGroup = FCABEDE81ED56C6300755BFC;
			productRefGroup = FCABEDF21ED56C6300755BFC /* Products */;
			projectDirPath = "";
			projectRoot = "";
			targets = (
				FCABEDF01ED56C6300755BFC /* SQToolsGather */,
				FCABEE091ED56C6300755BFC /* SQToolsGatherTests */,
				FCABEE141ED56C6300755BFC /* SQToolsGatherUITests */,
			);
		};
/* End PBXProject section */

/* Begin PBXResourcesBuildPhase section */
		FCABEDEF1ED56C6300755BFC /* Resources */ = {
			isa = PBXResourcesBuildPhase;
			buildActionMask = 2147483647;
			files = (
				FCABEE011ED56C6300755BFC /* Assets.xcassets in Resources */,
				FC5A91A71EDE610C009D80F8 /* IDMPBLocalizations.bundle in Resources */,
				FC5A91A91EDE610C009D80F8 /* IDMPhotoBrowser.bundle in Resources */,
				FCABEE8A1ED67D1400755BFC /* YZEmotionKeyboard.xib in Resources */,
				FCABEE281ED56CC500755BFC /* LaunchScreen.storyboard in Resources */,
				FCABEE881ED67D1400755BFC /* YZEmotionCell.xib in Resources */,
				FC5A91AE1EDE610C009D80F8 /* LICENSE.txt in Resources */,
			);
			runOnlyForDeploymentPostprocessing = 0;
		};
		FCABEE081ED56C6300755BFC /* Resources */ = {
			isa = PBXResourcesBuildPhase;
			buildActionMask = 2147483647;
			files = (
			);
			runOnlyForDeploymentPostprocessing = 0;
		};
		FCABEE131ED56C6300755BFC /* Resources */ = {
			isa = PBXResourcesBuildPhase;
			buildActionMask = 2147483647;
			files = (
			);
			runOnlyForDeploymentPostprocessing = 0;
		};
/* End PBXResourcesBuildPhase section */

/* Begin PBXShellScriptBuildPhase section */
		3715F19526BA4C73715E3288 /* [CP] Check Pods Manifest.lock */ = {
			isa = PBXShellScriptBuildPhase;
			buildActionMask = 2147483647;
			files = (
			);
			inputPaths = (
			);
			name = "[CP] Check Pods Manifest.lock";
			outputPaths = (
			);
			runOnlyForDeploymentPostprocessing = 0;
			shellPath = /bin/sh;
			shellScript = "diff \"${PODS_ROOT}/../Podfile.lock\" \"${PODS_ROOT}/Manifest.lock\" > /dev/null\nif [[ $? != 0 ]] ; then\n    cat << EOM\nerror: The sandbox is not in sync with the Podfile.lock. Run 'pod install' or update your CocoaPods installation.\nEOM\n    exit 1\nfi\n";
			showEnvVarsInLog = 0;
		};
		4A4F9505BBC57D495AB51339 /* [CP] Embed Pods Frameworks */ = {
			isa = PBXShellScriptBuildPhase;
			buildActionMask = 2147483647;
			files = (
			);
			inputPaths = (
			);
			name = "[CP] Embed Pods Frameworks";
			outputPaths = (
			);
			runOnlyForDeploymentPostprocessing = 0;
			shellPath = /bin/sh;
			shellScript = "\"${SRCROOT}/Pods/Target Support Files/Pods-SQToolsGather/Pods-SQToolsGather-frameworks.sh\"\n";
			showEnvVarsInLog = 0;
		};
		593F881BE18944D53574E06F /* [CP] Embed Pods Frameworks */ = {
			isa = PBXShellScriptBuildPhase;
			buildActionMask = 2147483647;
			files = (
			);
			inputPaths = (
			);
			name = "[CP] Embed Pods Frameworks";
			outputPaths = (
			);
			runOnlyForDeploymentPostprocessing = 0;
			shellPath = /bin/sh;
			shellScript = "\"${SRCROOT}/Pods/Target Support Files/Pods-SQToolsGatherTests/Pods-SQToolsGatherTests-frameworks.sh\"\n";
			showEnvVarsInLog = 0;
		};
		70C0D401A9AF4B59F704032D /* [CP] Copy Pods Resources */ = {
			isa = PBXShellScriptBuildPhase;
			buildActionMask = 2147483647;
			files = (
			);
			inputPaths = (
			);
			name = "[CP] Copy Pods Resources";
			outputPaths = (
			);
			runOnlyForDeploymentPostprocessing = 0;
			shellPath = /bin/sh;
			shellScript = "\"${SRCROOT}/Pods/Target Support Files/Pods-SQToolsGather/Pods-SQToolsGather-resources.sh\"\n";
			showEnvVarsInLog = 0;
		};
		84B75085037A0AC063770F98 /* [CP] Check Pods Manifest.lock */ = {
			isa = PBXShellScriptBuildPhase;
			buildActionMask = 2147483647;
			files = (
			);
			inputPaths = (
			);
			name = "[CP] Check Pods Manifest.lock";
			outputPaths = (
			);
			runOnlyForDeploymentPostprocessing = 0;
			shellPath = /bin/sh;
			shellScript = "diff \"${PODS_ROOT}/../Podfile.lock\" \"${PODS_ROOT}/Manifest.lock\" > /dev/null\nif [[ $? != 0 ]] ; then\n    cat << EOM\nerror: The sandbox is not in sync with the Podfile.lock. Run 'pod install' or update your CocoaPods installation.\nEOM\n    exit 1\nfi\n";
			showEnvVarsInLog = 0;
		};
		9C00AEF581E8DC451F8F0E33 /* [CP] Copy Pods Resources */ = {
			isa = PBXShellScriptBuildPhase;
			buildActionMask = 2147483647;
			files = (
			);
			inputPaths = (
			);
			name = "[CP] Copy Pods Resources";
			outputPaths = (
			);
			runOnlyForDeploymentPostprocessing = 0;
			shellPath = /bin/sh;
			shellScript = "\"${SRCROOT}/Pods/Target Support Files/Pods-SQToolsGatherUITests/Pods-SQToolsGatherUITests-resources.sh\"\n";
			showEnvVarsInLog = 0;
		};
		AEFB4E66673C366BD3DF0A90 /* [CP] Check Pods Manifest.lock */ = {
			isa = PBXShellScriptBuildPhase;
			buildActionMask = 2147483647;
			files = (
			);
			inputPaths = (
			);
			name = "[CP] Check Pods Manifest.lock";
			outputPaths = (
			);
			runOnlyForDeploymentPostprocessing = 0;
			shellPath = /bin/sh;
			shellScript = "diff \"${PODS_ROOT}/../Podfile.lock\" \"${PODS_ROOT}/Manifest.lock\" > /dev/null\nif [[ $? != 0 ]] ; then\n    cat << EOM\nerror: The sandbox is not in sync with the Podfile.lock. Run 'pod install' or update your CocoaPods installation.\nEOM\n    exit 1\nfi\n";
			showEnvVarsInLog = 0;
		};
		F613BD21E8B6EA4B32126AF0 /* [CP] Copy Pods Resources */ = {
			isa = PBXShellScriptBuildPhase;
			buildActionMask = 2147483647;
			files = (
			);
			inputPaths = (
			);
			name = "[CP] Copy Pods Resources";
			outputPaths = (
			);
			runOnlyForDeploymentPostprocessing = 0;
			shellPath = /bin/sh;
			shellScript = "\"${SRCROOT}/Pods/Target Support Files/Pods-SQToolsGatherTests/Pods-SQToolsGatherTests-resources.sh\"\n";
			showEnvVarsInLog = 0;
		};
/* End PBXShellScriptBuildPhase section */

/* Begin PBXSourcesBuildPhase section */
		FCABEDED1ED56C6300755BFC /* Sources */ = {
			isa = PBXSourcesBuildPhase;
			buildActionMask = 2147483647;
			files = (
				FCABEE801ED67D1400755BFC /* EmotionNodeObject.m in Sources */,
				FC83FF3F1ED8389100751169 /* PagingCollectionViewLayout.m in Sources */,
				FCABEE411ED56D1E00755BFC /* Utils.m in Sources */,
				FCABEE7E1ED67D1400755BFC /* XPathQuery.m in Sources */,
				FCABEE831ED67D1400755BFC /* NodeAttributeObject.m in Sources */,
				FC5A91AB1EDE610C009D80F8 /* IDMTapDetectingImageView.m in Sources */,
				FC5A91901EDE60E2009D80F8 /* SQImagePickerViewController.m in Sources */,
				FCABEE481ED5873900755BFC /* SQDrawViewTools.m in Sources */,
				FC5A91A81EDE610C009D80F8 /* IDMPhoto.m in Sources */,
				FCABEE8D1ED67D1400755BFC /* YZTextAttachment.m in Sources */,
				FCABEE7C1ED67D1400755BFC /* TFHpple.m in Sources */,
				FC5A918E1EDE60E2009D80F8 /* GLSelectedAssetsModel.m in Sources */,
				FCABEE3C1ED56CF300755BFC /* SQMeViewController.m in Sources */,
				FCABEE871ED67D1400755BFC /* YZEmotionCell.m in Sources */,
				FCABEE371ED56CF300755BFC /* AppDelegate.m in Sources */,
				FCABEE381ED56CF300755BFC /* SQBaseNavgationController.m in Sources */,
				FCABEE3D1ED56CF300755BFC /* SQTabBarController.m in Sources */,
				FCABEE8B1ED67D1400755BFC /* YZEmotionManager.m in Sources */,
				FCABEE811ED67D1400755BFC /* GLCommentCellBtn.m in Sources */,
				FC5A918F1EDE60E2009D80F8 /* LxGridViewFlowLayout.m in Sources */,
				FCABEE821ED67D1400755BFC /* NodeAtObject.m in Sources */,
				FCABEE7D1ED67D1400755BFC /* TFHppleElement.m in Sources */,
				FCABEE8C1ED67D1400755BFC /* YZEmotionPageCell.m in Sources */,
				FCABEDF61ED56C6300755BFC /* main.m in Sources */,
				FCABEE861ED67D1400755BFC /* UITextView+YZEmotion.m in Sources */,
				FCABEE7F1ED67D1400755BFC /* EmojiObject.m in Sources */,
				FC5A91911EDE60E2009D80F8 /* TZTestCell.m in Sources */,
				FCABEE391ED56CF300755BFC /* SQBaseViewController.m in Sources */,
				FCABEE851ED67D1400755BFC /* UITextField+YZEmotion.m in Sources */,
				FCABEE951ED6EC5E00755BFC /* AvatarImageModel.m in Sources */,
				FCABEE891ED67D1400755BFC /* YZEmotionKeyboard.m in Sources */,
				FC5A91AA1EDE610C009D80F8 /* IDMPhotoBrowser.m in Sources */,
				FC5A91AF1EDE610C009D80F8 /* README.markdown in Sources */,
				FCABEE841ED67D1400755BFC /* NodeImageObject.m in Sources */,
				FC5A91B21EDE6979009D80F8 /* Reachability.m in Sources */,
				FC5A91A61EDE610C009D80F8 /* IDMCaptionView.m in Sources */,
				FC83FF401ED8389100751169 /* UIView+FrameExtension.m in Sources */,
				FCABEE3B1ED56CF300755BFC /* SQMainViewController.m in Sources */,
				FC5A91AD1EDE610C009D80F8 /* IDMZoomingScrollView.m in Sources */,
				FC5A91AC1EDE610C009D80F8 /* IDMTapDetectingView.m in Sources */,
			);
			runOnlyForDeploymentPostprocessing = 0;
		};
		FCABEE061ED56C6300755BFC /* Sources */ = {
			isa = PBXSourcesBuildPhase;
			buildActionMask = 2147483647;
			files = (
				FCABEE0F1ED56C6300755BFC /* SQToolsGatherTests.m in Sources */,
			);
			runOnlyForDeploymentPostprocessing = 0;
		};
		FCABEE111ED56C6300755BFC /* Sources */ = {
			isa = PBXSourcesBuildPhase;
			buildActionMask = 2147483647;
			files = (
				FCABEE1A1ED56C6300755BFC /* SQToolsGatherUITests.m in Sources */,
			);
			runOnlyForDeploymentPostprocessing = 0;
		};
/* End PBXSourcesBuildPhase section */

/* Begin PBXTargetDependency section */
		FCABEE0C1ED56C6300755BFC /* PBXTargetDependency */ = {
			isa = PBXTargetDependency;
			target = FCABEDF01ED56C6300755BFC /* SQToolsGather */;
			targetProxy = FCABEE0B1ED56C6300755BFC /* PBXContainerItemProxy */;
		};
		FCABEE171ED56C6300755BFC /* PBXTargetDependency */ = {
			isa = PBXTargetDependency;
			target = FCABEDF01ED56C6300755BFC /* SQToolsGather */;
			targetProxy = FCABEE161ED56C6300755BFC /* PBXContainerItemProxy */;
		};
/* End PBXTargetDependency section */

/* Begin XCBuildConfiguration section */
		FCABEE1C1ED56C6300755BFC /* Debug */ = {
			isa = XCBuildConfiguration;
			buildSettings = {
				ALWAYS_SEARCH_USER_PATHS = NO;
				CLANG_ANALYZER_NONNULL = YES;
				CLANG_ANALYZER_NUMBER_OBJECT_CONVERSION = YES_AGGRESSIVE;
				CLANG_CXX_LANGUAGE_STANDARD = "gnu++0x";
				CLANG_CXX_LIBRARY = "libc++";
				CLANG_ENABLE_MODULES = YES;
				CLANG_ENABLE_OBJC_ARC = YES;
				CLANG_WARN_BOOL_CONVERSION = YES;
				CLANG_WARN_CONSTANT_CONVERSION = YES;
				CLANG_WARN_DIRECT_OBJC_ISA_USAGE = YES_ERROR;
				CLANG_WARN_DOCUMENTATION_COMMENTS = YES;
				CLANG_WARN_EMPTY_BODY = YES;
				CLANG_WARN_ENUM_CONVERSION = YES;
				CLANG_WARN_INFINITE_RECURSION = YES;
				CLANG_WARN_INT_CONVERSION = YES;
				CLANG_WARN_OBJC_ROOT_CLASS = YES_ERROR;
				CLANG_WARN_SUSPICIOUS_MOVE = YES;
				CLANG_WARN_UNREACHABLE_CODE = YES;
				CLANG_WARN__DUPLICATE_METHOD_MATCH = YES;
				"CODE_SIGN_IDENTITY[sdk=iphoneos*]" = "iPhone Developer";
				COPY_PHASE_STRIP = NO;
				DEBUG_INFORMATION_FORMAT = dwarf;
				ENABLE_STRICT_OBJC_MSGSEND = YES;
				ENABLE_TESTABILITY = YES;
				GCC_C_LANGUAGE_STANDARD = gnu99;
				GCC_DYNAMIC_NO_PIC = NO;
				GCC_NO_COMMON_BLOCKS = YES;
				GCC_OPTIMIZATION_LEVEL = 0;
				GCC_PRECOMPILE_PREFIX_HEADER = YES;
				GCC_PREPROCESSOR_DEFINITIONS = (
					"DEBUG=1",
					"$(inherited)",
				);
				GCC_WARN_64_TO_32_BIT_CONVERSION = YES;
				GCC_WARN_ABOUT_RETURN_TYPE = YES_ERROR;
				GCC_WARN_UNDECLARED_SELECTOR = YES;
				GCC_WARN_UNINITIALIZED_AUTOS = YES_AGGRESSIVE;
				GCC_WARN_UNUSED_FUNCTION = YES;
				GCC_WARN_UNUSED_VARIABLE = YES;
				IPHONEOS_DEPLOYMENT_TARGET = 10.3;
				MTL_ENABLE_DEBUG_INFO = YES;
				ONLY_ACTIVE_ARCH = YES;
				SDKROOT = iphoneos;
				TARGETED_DEVICE_FAMILY = "1,2";
			};
			name = Debug;
		};
		FCABEE1D1ED56C6300755BFC /* Release */ = {
			isa = XCBuildConfiguration;
			buildSettings = {
				ALWAYS_SEARCH_USER_PATHS = NO;
				CLANG_ANALYZER_NONNULL = YES;
				CLANG_ANALYZER_NUMBER_OBJECT_CONVERSION = YES_AGGRESSIVE;
				CLANG_CXX_LANGUAGE_STANDARD = "gnu++0x";
				CLANG_CXX_LIBRARY = "libc++";
				CLANG_ENABLE_MODULES = YES;
				CLANG_ENABLE_OBJC_ARC = YES;
				CLANG_WARN_BOOL_CONVERSION = YES;
				CLANG_WARN_CONSTANT_CONVERSION = YES;
				CLANG_WARN_DIRECT_OBJC_ISA_USAGE = YES_ERROR;
				CLANG_WARN_DOCUMENTATION_COMMENTS = YES;
				CLANG_WARN_EMPTY_BODY = YES;
				CLANG_WARN_ENUM_CONVERSION = YES;
				CLANG_WARN_INFINITE_RECURSION = YES;
				CLANG_WARN_INT_CONVERSION = YES;
				CLANG_WARN_OBJC_ROOT_CLASS = YES_ERROR;
				CLANG_WARN_SUSPICIOUS_MOVE = YES;
				CLANG_WARN_UNREACHABLE_CODE = YES;
				CLANG_WARN__DUPLICATE_METHOD_MATCH = YES;
				"CODE_SIGN_IDENTITY[sdk=iphoneos*]" = "iPhone Developer";
				COPY_PHASE_STRIP = NO;
				DEBUG_INFORMATION_FORMAT = "dwarf-with-dsym";
				ENABLE_NS_ASSERTIONS = NO;
				ENABLE_STRICT_OBJC_MSGSEND = YES;
				GCC_C_LANGUAGE_STANDARD = gnu99;
				GCC_NO_COMMON_BLOCKS = YES;
				GCC_PRECOMPILE_PREFIX_HEADER = YES;
				GCC_WARN_64_TO_32_BIT_CONVERSION = YES;
				GCC_WARN_ABOUT_RETURN_TYPE = YES_ERROR;
				GCC_WARN_UNDECLARED_SELECTOR = YES;
				GCC_WARN_UNINITIALIZED_AUTOS = YES_AGGRESSIVE;
				GCC_WARN_UNUSED_FUNCTION = YES;
				GCC_WARN_UNUSED_VARIABLE = YES;
				IPHONEOS_DEPLOYMENT_TARGET = 10.3;
				MTL_ENABLE_DEBUG_INFO = NO;
				SDKROOT = iphoneos;
				TARGETED_DEVICE_FAMILY = "1,2";
				VALIDATE_PRODUCT = YES;
			};
			name = Release;
		};
		FCABEE1F1ED56C6300755BFC /* Debug */ = {
			isa = XCBuildConfiguration;
			baseConfigurationReference = BB3AFEC9B0E8614BAAB9F701 /* Pods-SQToolsGather.debug.xcconfig */;
			buildSettings = {
				ASSETCATALOG_COMPILER_APPICON_NAME = AppIcon;
				DEVELOPMENT_TEAM = X4738Q25LY;
				GCC_PRECOMPILE_PREFIX_HEADER = YES;
				GCC_PREFIX_HEADER = "$(SRCROOT)/SQToolsGather/ToolsGatherPCH.pch";
				HEADER_SEARCH_PATHS = (
					"$(inherited)",
					"\"${PODS_ROOT}/Headers/Public\"",
					"\"${PODS_ROOT}/Headers/Public/MJExtension\"",
					"\"${PODS_ROOT}/Headers/Public/TZImagePickerController\"",
					"$(SDKROOT)/usr/include/libxml2",
				);
				INFOPLIST_FILE = SQToolsGather/Info.plist;
				IPHONEOS_DEPLOYMENT_TARGET = 8.0;
				LD_RUNPATH_SEARCH_PATHS = "$(inherited) @executable_path/Frameworks";
				OTHER_LDFLAGS = (
					"$(inherited)",
					"-ObjC",
					"-l\"MJExtension\"",
					"-lxml2",
					"-l\"TZImagePickerController\"",
				);
				PRODUCT_BUNDLE_IDENTIFIER = czk.SQToolsGather;
				PRODUCT_NAME = "$(TARGET_NAME)";
				TARGETED_DEVICE_FAMILY = 1;
				USER_HEADER_SEARCH_PATHS = "$(SDKROOT)/usr/include/libxml2";
			};
			name = Debug;
		};
		FCABEE201ED56C6300755BFC /* Release */ = {
			isa = XCBuildConfiguration;
			baseConfigurationReference = C66533CCC239158B6B907FF2 /* Pods-SQToolsGather.release.xcconfig */;
			buildSettings = {
				ASSETCATALOG_COMPILER_APPICON_NAME = AppIcon;
				DEVELOPMENT_TEAM = X4738Q25LY;
				GCC_PRECOMPILE_PREFIX_HEADER = YES;
				GCC_PREFIX_HEADER = "$(SRCROOT)/SQToolsGather/ToolsGatherPCH.pch";
				HEADER_SEARCH_PATHS = (
					"$(inherited)",
					"\"${PODS_ROOT}/Headers/Public\"",
					"\"${PODS_ROOT}/Headers/Public/MJExtension\"",
					"\"${PODS_ROOT}/Headers/Public/TZImagePickerController\"",
					"$(SDKROOT)/usr/include/libxml2",
				);
				INFOPLIST_FILE = SQToolsGather/Info.plist;
				IPHONEOS_DEPLOYMENT_TARGET = 8.0;
				LD_RUNPATH_SEARCH_PATHS = "$(inherited) @executable_path/Frameworks";
				OTHER_LDFLAGS = (
					"$(inherited)",
					"-ObjC",
					"-l\"MJExtension\"",
					"-lxml2",
					"-l\"TZImagePickerController\"",
				);
				PRODUCT_BUNDLE_IDENTIFIER = czk.SQToolsGather;
				PRODUCT_NAME = "$(TARGET_NAME)";
				TARGETED_DEVICE_FAMILY = 1;
				USER_HEADER_SEARCH_PATHS = "$(SDKROOT)/usr/include/libxml2";
			};
			name = Release;
		};
		FCABEE221ED56C6300755BFC /* Debug */ = {
			isa = XCBuildConfiguration;
			baseConfigurationReference = 45F2746A4874774F104AA8AF /* Pods-SQToolsGatherTests.debug.xcconfig */;
			buildSettings = {
				BUNDLE_LOADER = "$(TEST_HOST)";
				DEVELOPMENT_TEAM = SSJK4DGTL7;
				INFOPLIST_FILE = SQToolsGatherTests/Info.plist;
				LD_RUNPATH_SEARCH_PATHS = "$(inherited) @executable_path/Frameworks @loader_path/Frameworks";
				PRODUCT_BUNDLE_IDENTIFIER = czk.SQToolsGatherTests;
				PRODUCT_NAME = "$(TARGET_NAME)";
				TEST_HOST = "$(BUILT_PRODUCTS_DIR)/SQToolsGather.app/SQToolsGather";
			};
			name = Debug;
		};
		FCABEE231ED56C6300755BFC /* Release */ = {
			isa = XCBuildConfiguration;
			baseConfigurationReference = 14DC84D021188101FAFDD168 /* Pods-SQToolsGatherTests.release.xcconfig */;
			buildSettings = {
				BUNDLE_LOADER = "$(TEST_HOST)";
				DEVELOPMENT_TEAM = SSJK4DGTL7;
				INFOPLIST_FILE = SQToolsGatherTests/Info.plist;
				LD_RUNPATH_SEARCH_PATHS = "$(inherited) @executable_path/Frameworks @loader_path/Frameworks";
				PRODUCT_BUNDLE_IDENTIFIER = czk.SQToolsGatherTests;
				PRODUCT_NAME = "$(TARGET_NAME)";
				TEST_HOST = "$(BUILT_PRODUCTS_DIR)/SQToolsGather.app/SQToolsGather";
			};
			name = Release;
		};
		FCABEE251ED56C6300755BFC /* Debug */ = {
			isa = XCBuildConfiguration;
			baseConfigurationReference = 81A783EC70EC79F865045D92 /* Pods-SQToolsGatherUITests.debug.xcconfig */;
			buildSettings = {
				DEVELOPMENT_TEAM = SSJK4DGTL7;
				INFOPLIST_FILE = SQToolsGatherUITests/Info.plist;
				LD_RUNPATH_SEARCH_PATHS = "$(inherited) @executable_path/Frameworks @loader_path/Frameworks";
				PRODUCT_BUNDLE_IDENTIFIER = czk.SQToolsGatherUITests;
				PRODUCT_NAME = "$(TARGET_NAME)";
				TEST_TARGET_NAME = SQToolsGather;
			};
			name = Debug;
		};
		FCABEE261ED56C6300755BFC /* Release */ = {
			isa = XCBuildConfiguration;
			baseConfigurationReference = 2215495DF50834FCCE249E42 /* Pods-SQToolsGatherUITests.release.xcconfig */;
			buildSettings = {
				DEVELOPMENT_TEAM = SSJK4DGTL7;
				INFOPLIST_FILE = SQToolsGatherUITests/Info.plist;
				LD_RUNPATH_SEARCH_PATHS = "$(inherited) @executable_path/Frameworks @loader_path/Frameworks";
				PRODUCT_BUNDLE_IDENTIFIER = czk.SQToolsGatherUITests;
				PRODUCT_NAME = "$(TARGET_NAME)";
				TEST_TARGET_NAME = SQToolsGather;
			};
			name = Release;
		};
/* End XCBuildConfiguration section */

/* Begin XCConfigurationList section */
		FCABEDEC1ED56C6300755BFC /* Build configuration list for PBXProject "SQToolsGather" */ = {
			isa = XCConfigurationList;
			buildConfigurations = (
				FCABEE1C1ED56C6300755BFC /* Debug */,
				FCABEE1D1ED56C6300755BFC /* Release */,
			);
			defaultConfigurationIsVisible = 0;
			defaultConfigurationName = Release;
		};
		FCABEE1E1ED56C6300755BFC /* Build configuration list for PBXNativeTarget "SQToolsGather" */ = {
			isa = XCConfigurationList;
			buildConfigurations = (
				FCABEE1F1ED56C6300755BFC /* Debug */,
				FCABEE201ED56C6300755BFC /* Release */,
			);
			defaultConfigurationIsVisible = 0;
			defaultConfigurationName = Release;
		};
		FCABEE211ED56C6300755BFC /* Build configuration list for PBXNativeTarget "SQToolsGatherTests" */ = {
			isa = XCConfigurationList;
			buildConfigurations = (
				FCABEE221ED56C6300755BFC /* Debug */,
				FCABEE231ED56C6300755BFC /* Release */,
			);
			defaultConfigurationIsVisible = 0;
			defaultConfigurationName = Release;
		};
		FCABEE241ED56C6300755BFC /* Build configuration list for PBXNativeTarget "SQToolsGatherUITests" */ = {
			isa = XCConfigurationList;
			buildConfigurations = (
				FCABEE251ED56C6300755BFC /* Debug */,
				FCABEE261ED56C6300755BFC /* Release */,
			);
			defaultConfigurationIsVisible = 0;
			defaultConfigurationName = Release;
		};
/* End XCConfigurationList section */
	};
	rootObject = FCABEDE91ED56C6300755BFC /* Project object */;
}
